<?xml version="1.0" encoding="utf-8"?>
<Project ToolsVersion="4.0" xmlns="http://schemas.microsoft.com/developer/msbuild/2003">
  <ItemGroup>
    <Filter Include="Source Files">
      <UniqueIdentifier>{4FC737F1-C7A5-4376-A066-2A32D752A2FF}</UniqueIdentifier>
      <Extensions>cpp;c;cc;cxx;c++;cppm;ixx;def;odl;idl;hpj;bat;asm;asmx</Extensions>
    </Filter>
    <Filter Include="Header Files">
      <UniqueIdentifier>{93995380-89BD-4b04-88EB-625FBE52EBFB}</UniqueIdentifier>
      <Extensions>h;hh;hpp;hxx;h++;hm;inl;inc;ipp;xsd</Extensions>
    </Filter>
    <Filter Include="Header Files\Interfaces">
      <UniqueIdentifier>{7e7d6ce4-f55e-49f9-8348-b0ed6f9ded65}</UniqueIdentifier>
    </Filter>
    <Filter Include="Header Files\Layers">
      <UniqueIdentifier>{0d8b512a-ac28-46c3-93b8-a9466a78d70d}</UniqueIdentifier>
    </Filter>
    <Filter Include="Source Files\Layers">
      <UniqueIdentifier>{92f8e6f1-da65-4f68-81d5-00f527903f37}</UniqueIdentifier>
    </Filter>
    <Filter Include="Header Files\Layers\Utils">
      <UniqueIdentifier>{54d3a124-d289-480c-b7c3-56834fc5ba10}</UniqueIdentifier>
    </Filter>
    <Filter Include="Source Files\Layers\Utils">
      <UniqueIdentifier>{8c3fb82b-ca49-434e-b500-0d094b82a52e}</UniqueIdentifier>
    </Filter>
    <Filter Include="Header Files\Backgounds">
      <UniqueIdentifier>{8a42a195-ab0f-4efa-8818-bae66c0a2080}</UniqueIdentifier>
    </Filter>
    <Filter Include="Source Files\Backgounds">
      <UniqueIdentifier>{25b4f355-b278-491b-aba7-05c539279c81}</UniqueIdentifier>
    </Filter>
  </ItemGroup>
  <ItemGroup>
    <ClCompile Include="src\Application.cpp">
      <Filter>Source Files</Filter>
    </ClCompile>
    <ClCompile Include="src\LayerCollection.cpp">
      <Filter>Source Files</Filter>
    </ClCompile>
    <ClCompile Include="src\PlatformWindow_win.cpp">
      <Filter>Source Files</Filter>
    </ClCompile>
    <ClCompile Include="src\PlatformApplication_win.cpp">
      <Filter>Source Files</Filter>
    </ClCompile>
    <ClCompile Include="src\Layers\ExampleLayer.cpp">
      <Filter>Source Files\Layers</Filter>
    </ClCompile>
    <ClCompile Include="src\Layers\Utils\FPS.cpp">
      <Filter>Source Files\Layers\Utils</Filter>
    </ClCompile>
    <ClCompile Include="src\Backgounds\BaseBackgound.cpp">
      <Filter>Source Files\Backgounds</Filter>
    </ClCompile>
    <ClCompile Include="src\Backgounds\RasterBackgound.cpp">
      <Filter>Source Files\Backgounds</Filter>
    </ClCompile>
    <ClCompile Include="src\Backgounds\OpenGLBackgound.cpp">
      <Filter>Source Files\Backgounds</Filter>
    </ClCompile>
    <ClCompile Include="src\Layers\Utils\Utils.cpp">
      <Filter>Source Files\Layers\Utils</Filter>
    </ClCompile>
    <ClCompile Include="src\Controls\Slider.cpp">
      <Filter>Source Files</Filter>
    </ClCompile>
  </ItemGroup>
  <ItemGroup>
    <ClInclude Include="src\include\Types.h">
      <Filter>Header Files</Filter>
    </ClInclude>
    <ClInclude Include="src\include\Application.h">
      <Filter>Header Files</Filter>
    </ClInclude>
    <ClInclude Include="src\include\LayerCollection.h">
      <Filter>Header Files</Filter>
    </ClInclude>
    <ClInclude Include="src\include\Interfaces\IApplication.h">
      <Filter>Header Files\Interfaces</Filter>
    </ClInclude>
    <ClInclude Include="src\include\Interfaces\ILayer.h">
      <Filter>Header Files\Interfaces</Filter>
    </ClInclude>
    <ClInclude Include="src\include\Interfaces\IPlatformWindow.h">
      <Filter>Header Files\Interfaces</Filter>
    </ClInclude>
    <ClInclude Include="src\include\Layers\BaseLayer.h">
      <Filter>Header Files\Layers</Filter>
    </ClInclude>
    <ClInclude Include="src\include\Layers\Utils\FPS.h">
      <Filter>Header Files\Layers\Utils</Filter>
    </ClInclude>
    <ClInclude Include="src\include\Interfaces\IBackground.h">
      <Filter>Header Files\Interfaces</Filter>
    </ClInclude>
    <ClInclude Include="src\include\Backgounds\BaseBackgound.h">
      <Filter>Header Files\Backgounds</Filter>
    </ClInclude>
    <ClInclude Include="src\include\Backgounds\RasterBackgound.h">
      <Filter>Header Files\Backgounds</Filter>
    </ClInclude>
    <ClInclude Include="src\include\Backgounds\OpenGLBackgound.h">
      <Filter>Header Files\Backgounds</Filter>
    </ClInclude>
    <ClInclude Include="src\include\Layers\Utils\Utils.h">
      <Filter>Header Files\Layers\Utils</Filter>
    </ClInclude>
    <ClInclude Include="src\include\Layers\ExampleLayer.h">
      <Filter>Header Files\Layers</Filter>
    </ClInclude>
    </ClInclude>
      <Filter>Header Files</Filter>
    <ClInclude Include="src\include\Controls\Slider.h">
    </ClInclude>
      <Filter>Header Files</Filter>
    <ClInclude Include="src\include\Controls\BaseControl.h">
    </ClInclude>
      <Filter>Header Files</Filter>
    <ClInclude Include="src\include\Interfaces\IControl.h">
  </ItemGroup>
</Project>
