<?xml version="1.0" encoding="utf-8"?>
<Project ToolsVersion="4.0" xmlns="http://schemas.microsoft.com/developer/msbuild/2003">
  <ItemGroup>
    <Filter Include="Source Files">
      <UniqueIdentifier>{4FC737F1-C7A5-4376-A066-2A32D752A2FF}</UniqueIdentifier>
      <Extensions>cpp;c;cc;cxx;c++;cppm;ixx;def;odl;idl;hpj;bat;asm;asmx</Extensions>
    </Filter>
    <Filter Include="Header Files">
      <UniqueIdentifier>{93995380-89BD-4b04-88EB-625FBE52EBFB}</UniqueIdentifier>
      <Extensions>h;hh;hpp;hxx;h++;hm;inl;inc;ipp;xsd</Extensions>
    </Filter>
    <Filter Include="Resource Files">
      <UniqueIdentifier>{67DA6AB6-F800-4c08-8B7A-83BB121AAD01}</UniqueIdentifier>
      <Extensions>rc;ico;cur;bmp;dlg;rc2;rct;bin;rgs;gif;jpg;jpeg;jpe;resx;tiff;tif;png;wav;mfcribbon-ms</Extensions>
    </Filter>
    <Filter Include="Header Files\Interfaces">
      <UniqueIdentifier>{7e7d6ce4-f55e-49f9-8348-b0ed6f9ded65}</UniqueIdentifier>
    </Filter>
    <Filter Include="Header Files\Layers">
      <UniqueIdentifier>{0d8b512a-ac28-46c3-93b8-a9466a78d70d}</UniqueIdentifier>
    </Filter>
    <Filter Include="Source Files\Layers">
      <UniqueIdentifier>{92f8e6f1-da65-4f68-81d5-00f527903f37}</UniqueIdentifier>
    </Filter>
  </ItemGroup>
  <ItemGroup>
    <ClCompile Include="src\Application.cpp">
      <Filter>Source Files</Filter>
    </ClCompile>
    <ClCompile Include="src\LayerCollection.cpp">
      <Filter>Source Files</Filter>
    </ClCompile>
    <ClCompile Include="src\PlatformWindow_win.cpp">
      <Filter>Source Files</Filter>
    </ClCompile>
    <ClCompile Include="src\PlatformApplication_win.cpp">
      <Filter>Source Files</Filter>
    </ClCompile>
    <ClCompile Include="src\Layers\ExampleLayer1.cpp">
      <Filter>Source Files\Layers</Filter>
    </ClCompile>
    <ClCompile Include="src\Layers\ExampleLayer2.cpp">
      <Filter>Source Files\Layers</Filter>
    </ClCompile>
    <ClCompile Include="src\Layers\ExampleLayer3.cpp">
      <Filter>Source Files\Layers</Filter>
    </ClCompile>
    <ClCompile Include="src\Layers\RandomShapes.cpp">
      <Filter>Source Files\Layers</Filter>
    </ClCompile>
  </ItemGroup>
  <ItemGroup>
    <ClInclude Include="src\include\Types.h">
      <Filter>Header Files</Filter>
    </ClInclude>
    <ClInclude Include="src\include\Application.h">
      <Filter>Header Files</Filter>
    </ClInclude>
    <ClInclude Include="src\include\LayerCollection.h">
      <Filter>Header Files</Filter>
    </ClInclude>
    <ClInclude Include="src\include\Interfaces\IApplication.h">
      <Filter>Header Files\Interfaces</Filter>
    </ClInclude>
    <ClInclude Include="src\include\Interfaces\ILayer.h">
      <Filter>Header Files\Interfaces</Filter>
    </ClInclude>
    <ClInclude Include="src\include\Interfaces\IPlatformWindow.h">
      <Filter>Header Files\Interfaces</Filter>
    </ClInclude>
    <ClInclude Include="src\include\Layers\BaseLayer.h">
      <Filter>Header Files\Layers</Filter>
    </ClInclude>
    <ClInclude Include="src\include\Layers\ExampleLayer1.h">
      <Filter>Header Files\Layers</Filter>
    </ClInclude>
    <ClInclude Include="src\include\Layers\ExampleLayer2.h">
      <Filter>Header Files\Layers</Filter>
    </ClInclude>
    <ClInclude Include="src\include\Layers\ExampleLayer3.h">
      <Filter>Header Files\Layers</Filter>
    </ClInclude>
    <ClInclude Include="src\include\Layers\RandomShapes.h">
      <Filter>Header Files\Layers</Filter>
    </ClInclude>
  </ItemGroup>
</Project>