<?xml version="1.0" encoding="utf-8"?>
<Project ToolsVersion="4.0" xmlns="http://schemas.microsoft.com/developer/msbuild/2003">
  <ItemGroup>
    <ClCompile Include="src\Application.cpp" />
    <ClCompile Include="src\LayerCollection.cpp" />
    <ClCompile Include="src\PlatformApplication_win.cpp" />
    <ClCompile Include="src\PlatformWindow_win.cpp" />
    <ClCompile Include="src\Backgounds\BaseBackgound.cpp">
      <Filter>Backgounds</Filter>
    </ClCompile>
    <ClCompile Include="src\Backgounds\OpenGLBackgound.cpp">
      <Filter>Backgounds</Filter>
    </ClCompile>
    <ClCompile Include="src\Backgounds\RasterBackgound.cpp">
      <Filter>Backgounds</Filter>
    </ClCompile>
    <ClCompile Include="src\Controls\ControlsContainer.cpp">
      <Filter>Controls</Filter>
    </ClCompile>
    <ClCompile Include="src\Controls\Slider.cpp">
      <Filter>Controls</Filter>
    </ClCompile>
    <ClCompile Include="src\Layers\BlackAndWhiteLayer.cpp">
      <Filter>Layers</Filter>
    </ClCompile>
    <ClCompile Include="src\Utils\FPS.cpp">
      <Filter>Layers\Utils</Filter>
    </ClCompile>
    <ClCompile Include="src\Utils\Utils.cpp">
      <Filter>Layers\Utils</Filter>
    </ClCompile>
    <ClCompile Include="src\Layers\SwirlLayer.cpp" />
    <ClCompile Include="src\Controls\BaseControl.cpp" />
    <ClCompile Include="src\Controls\Button.cpp" />
    <ClCompile Include="src\Utils\DrawUtils.cpp" />
    <ClCompile Include="src\Controls\Focus.cpp" />
  </ItemGroup>
  <ItemGroup>
    <ClInclude Include="src\include\Utils\FPS.h">
      <Filter>include\Layers\Utils</Filter>
    </ClInclude>
    <ClInclude Include="src\include\Utils\Utils.h">
      <Filter>include\Layers\Utils</Filter>
    </ClInclude>
    <ClInclude Include="src\include\Interfaces\IApplication.h">
      <Filter>include\Interfaces</Filter>
    </ClInclude>
    <ClInclude Include="src\include\Interfaces\IBackground.h">
      <Filter>include\Interfaces</Filter>
    </ClInclude>
    <ClInclude Include="src\include\Interfaces\IControl.h">
      <Filter>include\Interfaces</Filter>
    </ClInclude>
    <ClInclude Include="src\include\Interfaces\ILayer.h">
      <Filter>include\Interfaces</Filter>
    </ClInclude>
    <ClInclude Include="src\include\Interfaces\IPlatformWindow.h">
      <Filter>include\Interfaces</Filter>
    </ClInclude>
    <ClInclude Include="src\include\Layers\BaseLayer.h">
      <Filter>include\Layers</Filter>
    </ClInclude>
    <ClInclude Include="src\include\Layers\BlackAndWhiteLayer.h">
      <Filter>include\Layers</Filter>
    </ClInclude>
    <ClInclude Include="src\include\Backgounds\BaseBackgound.h">
      <Filter>include\Backgrounds</Filter>
    </ClInclude>
    <ClInclude Include="src\include\Application.h">
      <Filter>include</Filter>
    </ClInclude>
    <ClInclude Include="src\include\Controls\BaseValueControl.h">
      <Filter>include\Controls</Filter>
    </ClInclude>
    <ClInclude Include="src\include\Controls\ControlsContainer.h">
      <Filter>include\Controls</Filter>
    </ClInclude>
    <ClInclude Include="src\include\Controls\Slider.h">
      <Filter>include\Controls</Filter>
    </ClInclude>
    <ClInclude Include="src\include\Backgounds\OpenGLBackgound.h">
      <Filter>include\Backgrounds</Filter>
    </ClInclude>
    <ClInclude Include="src\include\Backgounds\RasterBackgound.h">
      <Filter>include\Backgrounds</Filter>
    </ClInclude>
    <ClInclude Include="src\include\LayerCollection.h">
      <Filter>include</Filter>
    </ClInclude>
    <ClInclude Include="src\include\Types.h">
      <Filter>include</Filter>
    </ClInclude>
    <ClInclude Include="src\include\Layers\SwirlLayer.h" />
    <ClInclude Include="src\include\Controls\Button.h" />
    <ClInclude Include="src\include\Controls\BaseControl.h" />
    <ClInclude Include="src\include\Interfaces\IControlValue.h" />
    <ClInclude Include="src\include\Utils\DrawUtils.h" />
    <ClInclude Include="src\include\Controls\Focus.h" />
  </ItemGroup>
  <ItemGroup>
    <Filter Include="Backgounds">
      <UniqueIdentifier>{b921775f-f1a8-4afd-8651-b5332f179c74}</UniqueIdentifier>
    </Filter>
    <Filter Include="Controls">
      <UniqueIdentifier>{84e56d15-00f7-4af1-a493-1c3d5f462189}</UniqueIdentifier>
    </Filter>
    <Filter Include="Layers">
      <UniqueIdentifier>{865b212c-75c2-4ff9-98c7-a668f2d385b1}</UniqueIdentifier>
    </Filter>
    <Filter Include="Layers\Utils">
      <UniqueIdentifier>{e4c62eb9-9a05-4033-973f-20515c7636d8}</UniqueIdentifier>
    </Filter>
    <Filter Include="include">
      <UniqueIdentifier>{2b1b7981-68eb-4ac6-bdbe-795e457cabb7}</UniqueIdentifier>
    </Filter>
    <Filter Include="include\Backgrounds">
      <UniqueIdentifier>{7131f076-21c7-4383-adb2-0c11377b7ea9}</UniqueIdentifier>
    </Filter>
    <Filter Include="include\Controls">
      <UniqueIdentifier>{d15ef27b-4741-4331-aaa7-9ea407f922c2}</UniqueIdentifier>
    </Filter>
    <Filter Include="include\Interfaces">
      <UniqueIdentifier>{eb1aebee-027b-46f9-8107-94d23dfcba36}</UniqueIdentifier>
    </Filter>
    <Filter Include="include\Layers">
      <UniqueIdentifier>{f10b5197-26d8-4f83-b2e1-5eb4dee4f511}</UniqueIdentifier>
    </Filter>
    <Filter Include="include\Layers\Utils">
      <UniqueIdentifier>{73bb3976-da76-4b6e-a332-6e6af927d7f8}</UniqueIdentifier>
    </Filter>
  </ItemGroup>
</Project>